Microsoft Visual Studio Solution File, Format Version 12.00
# Visual Studio Version 17
VisualStudioVersion = 17.5.33502.453
MinimumVisualStudioVersion = 10.0.40219.1
Project("{FAE04EC0-301F-11D3-BF4B-00C04F79EFBC}") = "Nescafe.Old", "Nescafe.Old\Nescafe.Old.csproj", "{E6A49F24-ADC5-4008-91A3-6CD13F4C4C50}"
EndProject
Project("{2150E333-8FDC-42A3-9474-1A3956D46DE8}") = "Solution Items", "Solution Items", "{8C5EC02B-6B68-42F2-9CF8-51CA6A57528B}"
	ProjectSection(SolutionItems) = preProject
		.gitignore = .gitignore
	EndProjectSection
EndProject
Project("{9A19103F-16F7-4668-BE54-9A1E7A4F7556}") = "Nescafe", "Nescafe\Nescafe.csproj", "{CA02F5BB-0E81-444E-89E5-A38B818D5998}"
EndProject
Project("{9A19103F-16F7-4668-BE54-9A1E7A4F7556}") = "OpenTK.WinForms", "OpenTK.WinForms\OpenTK.WinForms.csproj", "{284BCBCD-D676-4045-9AC0-0347D13B1A50}"
EndProject
Project("{2150E333-8FDC-42A3-9474-1A3956D46DE8}") = "Tools", "Tools", "{0FC85016-6F66-4939-A2FA-D6C310C9C18A}"
EndProject
Project("{9A19103F-16F7-4668-BE54-9A1E7A4F7556}") = "Test Compability", "tools\Test Compability\Test Compability.csproj", "{428C0024-56A9-41EE-AEB6-EAECFE1AF9CB}"
EndProject
Project("{9A19103F-16F7-4668-BE54-9A1E7A4F7556}") = "Nescafe.Core", "Nescafe.Core\Nescafe.Core.csproj", "{A49750CF-3843-4D6A-BED4-399ED94A9A9A}"
EndProject
Project("{FAE04EC0-301F-11D3-BF4B-00C04F79EFBC}") = "RPHexEditor", "RPHexEditor\RPHexEditor.csproj", "{EC9A6571-2715-4E0C-80EC-3FB5B55E84B0}"
EndProject
Global
	GlobalSection(SolutionConfigurationPlatforms) = preSolution
		Debug|Any CPU = Debug|Any CPU
		Debug|x86 = Debug|x86
		Release|Any CPU = Release|Any CPU
		Release|x86 = Release|x86
	EndGlobalSection
	GlobalSection(ProjectConfigurationPlatforms) = postSolution
		{E6A49F24-ADC5-4008-91A3-6CD13F4C4C50}.Debug|Any CPU.ActiveCfg = Debug|x86
		{E6A49F24-ADC5-4008-91A3-6CD13F4C4C50}.Debug|Any CPU.Build.0 = Debug|x86
		{E6A49F24-ADC5-4008-91A3-6CD13F4C4C50}.Debug|x86.ActiveCfg = Debug|x86
		{E6A49F24-ADC5-4008-91A3-6CD13F4C4C50}.Debug|x86.Build.0 = Debug|x86
		{E6A49F24-ADC5-4008-91A3-6CD13F4C4C50}.Release|Any CPU.ActiveCfg = Release|x86
		{E6A49F24-ADC5-4008-91A3-6CD13F4C4C50}.Release|Any CPU.Build.0 = Release|x86
		{E6A49F24-ADC5-4008-91A3-6CD13F4C4C50}.Release|x86.ActiveCfg = Release|x86
		{CA02F5BB-0E81-444E-89E5-A38B818D5998}.Debug|Any CPU.ActiveCfg = Debug|Any CPU
		{CA02F5BB-0E81-444E-89E5-A38B818D5998}.Debug|Any CPU.Build.0 = Debug|Any CPU
		{CA02F5BB-0E81-444E-89E5-A38B818D5998}.Debug|x86.ActiveCfg = Debug|Any CPU
		{CA02F5BB-0E81-444E-89E5-A38B818D5998}.Debug|x86.Build.0 = Debug|Any CPU
		{CA02F5BB-0E81-444E-89E5-A38B818D5998}.Release|Any CPU.ActiveCfg = Release|Any CPU
		{CA02F5BB-0E81-444E-89E5-A38B818D5998}.Release|Any CPU.Build.0 = Release|Any CPU
		{CA02F5BB-0E81-444E-89E5-A38B818D5998}.Release|x86.ActiveCfg = Release|Any CPU
		{CA02F5BB-0E81-444E-89E5-A38B818D5998}.Release|x86.Build.0 = Release|Any CPU
		{284BCBCD-D676-4045-9AC0-0347D13B1A50}.Debug|Any CPU.ActiveCfg = Debug|Any CPU
		{284BCBCD-D676-4045-9AC0-0347D13B1A50}.Debug|Any CPU.Build.0 = Debug|Any CPU
		{284BCBCD-D676-4045-9AC0-0347D13B1A50}.Debug|x86.ActiveCfg = Debug|Any CPU
		{284BCBCD-D676-4045-9AC0-0347D13B1A50}.Debug|x86.Build.0 = Debug|Any CPU
		{284BCBCD-D676-4045-9AC0-0347D13B1A50}.Release|Any CPU.ActiveCfg = Release|Any CPU
		{284BCBCD-D676-4045-9AC0-0347D13B1A50}.Release|Any CPU.Build.0 = Release|Any CPU
		{284BCBCD-D676-4045-9AC0-0347D13B1A50}.Release|x86.ActiveCfg = Release|Any CPU
		{284BCBCD-D676-4045-9AC0-0347D13B1A50}.Release|x86.Build.0 = Release|Any CPU
		{428C0024-56A9-41EE-AEB6-EAECFE1AF9CB}.Debug|Any CPU.ActiveCfg = Debug|Any CPU
		{428C0024-56A9-41EE-AEB6-EAECFE1AF9CB}.Debug|Any CPU.Build.0 = Debug|Any CPU
		{428C0024-56A9-41EE-AEB6-EAECFE1AF9CB}.Debug|x86.ActiveCfg = Debug|Any CPU
		{428C0024-56A9-41EE-AEB6-EAECFE1AF9CB}.Debug|x86.Build.0 = Debug|Any CPU
		{428C0024-56A9-41EE-AEB6-EAECFE1AF9CB}.Release|Any CPU.ActiveCfg = Release|Any CPU
		{428C0024-56A9-41EE-AEB6-EAECFE1AF9CB}.Release|Any CPU.Build.0 = Release|Any CPU
		{428C0024-56A9-41EE-AEB6-EAECFE1AF9CB}.Release|x86.ActiveCfg = Release|Any CPU
		{428C0024-56A9-41EE-AEB6-EAECFE1AF9CB}.Release|x86.Build.0 = Release|Any CPU
		{A49750CF-3843-4D6A-BED4-399ED94A9A9A}.Debug|Any CPU.ActiveCfg = Debug|Any CPU
		{A49750CF-3843-4D6A-BED4-399ED94A9A9A}.Debug|Any CPU.Build.0 = Debug|Any CPU
		{A49750CF-3843-4D6A-BED4-399ED94A9A9A}.Debug|x86.ActiveCfg = Debug|Any CPU
		{A49750CF-3843-4D6A-BED4-399ED94A9A9A}.Debug|x86.Build.0 = Debug|Any CPU
		{A49750CF-3843-4D6A-BED4-399ED94A9A9A}.Release|Any CPU.ActiveCfg = Release|Any CPU
		{A49750CF-3843-4D6A-BED4-399ED94A9A9A}.Release|Any CPU.Build.0 = Release|Any CPU
		{A49750CF-3843-4D6A-BED4-399ED94A9A9A}.Release|x86.ActiveCfg = Release|Any CPU
		{A49750CF-3843-4D6A-BED4-399ED94A9A9A}.Release|x86.Build.0 = Release|Any CPU
		{EC9A6571-2715-4E0C-80EC-3FB5B55E84B0}.Debug|Any CPU.ActiveCfg = Debug|Any CPU
		{EC9A6571-2715-4E0C-80EC-3FB5B55E84B0}.Debug|Any CPU.Build.0 = Debug|Any CPU
		{EC9A6571-2715-4E0C-80EC-3FB5B55E84B0}.Debug|x86.ActiveCfg = Debug|Any CPU
		{EC9A6571-2715-4E0C-80EC-3FB5B55E84B0}.Debug|x86.Build.0 = Debug|Any CPU
		{EC9A6571-2715-4E0C-80EC-3FB5B55E84B0}.Release|Any CPU.ActiveCfg = Release|Any CPU
		{EC9A6571-2715-4E0C-80EC-3FB5B55E84B0}.Release|Any CPU.Build.0 = Release|Any CPU
		{EC9A6571-2715-4E0C-80EC-3FB5B55E84B0}.Release|x86.ActiveCfg = Release|Any CPU
		{EC9A6571-2715-4E0C-80EC-3FB5B55E84B0}.Release|x86.Build.0 = Release|Any CPU
	EndGlobalSection
	GlobalSection(SolutionProperties) = preSolution
		HideSolutionNode = FALSE
	EndGlobalSection
	GlobalSection(NestedProjects) = preSolution
		{428C0024-56A9-41EE-AEB6-EAECFE1AF9CB} = {0FC85016-6F66-4939-A2FA-D6C310C9C18A}
	EndGlobalSection
	GlobalSection(ExtensibilityGlobals) = postSolution
		SolutionGuid = {AE91B582-51A6-4AE0-B982-66C840C0BFD5}
	EndGlobalSection
EndGlobal
